// !$*UTF8*$!
{
	archiveVersion = 1;
	classes = {
	};
	objectVersion = 56;
	objects = {

/* Begin PBXBuildFile section */
		3F51B1BA293F787400E6BFE2 /* AppDelegate.swift in Sources */ = {isa = PBXBuildFile; fileRef = 3F51B1B9293F787400E6BFE2 /* AppDelegate.swift */; };
		3F51B1BC293F787400E6BFE2 /* SceneDelegate.swift in Sources */ = {isa = PBXBuildFile; fileRef = 3F51B1BB293F787400E6BFE2 /* SceneDelegate.swift */; };
		3F51B1BE293F787400E6BFE2 /* ViewController.swift in Sources */ = {isa = PBXBuildFile; fileRef = 3F51B1BD293F787400E6BFE2 /* ViewController.swift */; };
		3F51B1C1293F787400E6BFE2 /* Main.storyboard in Resources */ = {isa = PBXBuildFile; fileRef = 3F51B1BF293F787400E6BFE2 /* Main.storyboard */; };
		3F51B1C3293F787700E6BFE2 /* Assets.xcassets in Resources */ = {isa = PBXBuildFile; fileRef = 3F51B1C2293F787700E6BFE2 /* Assets.xcassets */; };
		3F51B1C6293F787700E6BFE2 /* LaunchScreen.storyboard in Resources */ = {isa = PBXBuildFile; fileRef = 3F51B1C4293F787700E6BFE2 /* LaunchScreen.storyboard */; };
		3F51B1D1293F787700E6BFE2 /* GET_PeopleTests.swift in Sources */ = {isa = PBXBuildFile; fileRef = 3F51B1D0293F787700E6BFE2 /* GET_PeopleTests.swift */; };
		3F51B1DB293F787700E6BFE2 /* GET_PeopleUITests.swift in Sources */ = {isa = PBXBuildFile; fileRef = 3F51B1DA293F787700E6BFE2 /* GET_PeopleUITests.swift */; };
		3F51B1DD293F787700E6BFE2 /* GET_PeopleUITestsLaunchTests.swift in Sources */ = {isa = PBXBuildFile; fileRef = 3F51B1DC293F787700E6BFE2 /* GET_PeopleUITestsLaunchTests.swift */; };
		3F51B1EA293F79BF00E6BFE2 /* People.swift in Sources */ = {isa = PBXBuildFile; fileRef = 3F51B1E9293F79BF00E6BFE2 /* People.swift */; };
		3F99607829406166009DC5D0 /* StarWarsModel.swift in Sources */ = {isa = PBXBuildFile; fileRef = 3F99607729406166009DC5D0 /* StarWarsModel.swift */; };
/* End PBXBuildFile section */

/* Begin PBXContainerItemProxy section */
		3F51B1CD293F787700E6BFE2 /* PBXContainerItemProxy */ = {
			isa = PBXContainerItemProxy;
			containerPortal = 3F51B1AE293F787400E6BFE2 /* Project object */;
			proxyType = 1;
			remoteGlobalIDString = 3F51B1B5293F787400E6BFE2;
			remoteInfo = "GET People";
		};
		3F51B1D7293F787700E6BFE2 /* PBXContainerItemProxy */ = {
			isa = PBXContainerItemProxy;
			containerPortal = 3F51B1AE293F787400E6BFE2 /* Project object */;
			proxyType = 1;
			remoteGlobalIDString = 3F51B1B5293F787400E6BFE2;
			remoteInfo = "GET People";
		};
/* End PBXContainerItemProxy section */

/* Begin PBXFileReference section */
		3F51B1B6293F787400E6BFE2 /* GET People.app */ = {isa = PBXFileReference; explicitFileType = wrapper.application; includeInIndex = 0; path = "GET People.app"; sourceTree = BUILT_PRODUCTS_DIR; };
		3F51B1B9293F787400E6BFE2 /* AppDelegate.swift */ = {isa = PBXFileReference; lastKnownFileType = sourcecode.swift; path = AppDelegate.swift; sourceTree = "<group>"; };
		3F51B1BB293F787400E6BFE2 /* SceneDelegate.swift */ = {isa = PBXFileReference; lastKnownFileType = sourcecode.swift; path = SceneDelegate.swift; sourceTree = "<group>"; };
		3F51B1BD293F787400E6BFE2 /* ViewController.swift */ = {isa = PBXFileReference; lastKnownFileType = sourcecode.swift; path = ViewController.swift; sourceTree = "<group>"; };
		3F51B1C0293F787400E6BFE2 /* Base */ = {isa = PBXFileReference; lastKnownFileType = file.storyboard; name = Base; path = Base.lproj/Main.storyboard; sourceTree = "<group>"; };
		3F51B1C2293F787700E6BFE2 /* Assets.xcassets */ = {isa = PBXFileReference; lastKnownFileType = folder.assetcatalog; path = Assets.xcassets; sourceTree = "<group>"; };
		3F51B1C5293F787700E6BFE2 /* Base */ = {isa = PBXFileReference; lastKnownFileType = file.storyboard; name = Base; path = Base.lproj/LaunchScreen.storyboard; sourceTree = "<group>"; };
		3F51B1C7293F787700E6BFE2 /* Info.plist */ = {isa = PBXFileReference; lastKnownFileType = text.plist.xml; path = Info.plist; sourceTree = "<group>"; };
		3F51B1CC293F787700E6BFE2 /* GET PeopleTests.xctest */ = {isa = PBXFileReference; explicitFileType = wrapper.cfbundle; includeInIndex = 0; path = "GET PeopleTests.xctest"; sourceTree = BUILT_PRODUCTS_DIR; };
		3F51B1D0293F787700E6BFE2 /* GET_PeopleTests.swift */ = {isa = PBXFileReference; lastKnownFileType = sourcecode.swift; path = GET_PeopleTests.swift; sourceTree = "<group>"; };
		3F51B1D6293F787700E6BFE2 /* GET PeopleUITests.xctest */ = {isa = PBXFileReference; explicitFileType = wrapper.cfbundle; includeInIndex = 0; path = "GET PeopleUITests.xctest"; sourceTree = BUILT_PRODUCTS_DIR; };
		3F51B1DA293F787700E6BFE2 /* GET_PeopleUITests.swift */ = {isa = PBXFileReference; lastKnownFileType = sourcecode.swift; path = GET_PeopleUITests.swift; sourceTree = "<group>"; };
		3F51B1DC293F787700E6BFE2 /* GET_PeopleUITestsLaunchTests.swift */ = {isa = PBXFileReference; lastKnownFileType = sourcecode.swift; path = GET_PeopleUITestsLaunchTests.swift; sourceTree = "<group>"; };
		3F51B1E9293F79BF00E6BFE2 /* People.swift */ = {isa = PBXFileReference; lastKnownFileType = sourcecode.swift; path = People.swift; sourceTree = "<group>"; };
		3F99607729406166009DC5D0 /* StarWarsModel.swift */ = {isa = PBXFileReference; lastKnownFileType = sourcecode.swift; path = StarWarsModel.swift; sourceTree = "<group>"; };
/* End PBXFileReference section */

/* Begin PBXFrameworksBuildPhase section */
		3F51B1B3293F787400E6BFE2 /* Frameworks */ = {
			isa = PBXFrameworksBuildPhase;
			buildActionMask = 2147483647;
			files = (
			);
			runOnlyForDeploymentPostprocessing = 0;
		};
		3F51B1C9293F787700E6BFE2 /* Frameworks */ = {
			isa = PBXFrameworksBuildPhase;
			buildActionMask = 2147483647;
			files = (
			);
			runOnlyForDeploymentPostprocessing = 0;
		};
		3F51B1D3293F787700E6BFE2 /* Frameworks */ = {
			isa = PBXFrameworksBuildPhase;
			buildActionMask = 2147483647;
			files = (
			);
			runOnlyForDeploymentPostprocessing = 0;
		};
/* End PBXFrameworksBuildPhase section */

/* Begin PBXGroup section */
		3F51B1AD293F787400E6BFE2 = {
			isa = PBXGroup;
			children = (
				3F51B1B8293F787400E6BFE2 /* GET People */,
				3F51B1CF293F787700E6BFE2 /* GET PeopleTests */,
				3F51B1D9293F787700E6BFE2 /* GET PeopleUITests */,
				3F51B1B7293F787400E6BFE2 /* Products */,
			);
			sourceTree = "<group>";
		};
		3F51B1B7293F787400E6BFE2 /* Products */ = {
			isa = PBXGroup;
			children = (
				3F51B1B6293F787400E6BFE2 /* GET People.app */,
				3F51B1CC293F787700E6BFE2 /* GET PeopleTests.xctest */,
				3F51B1D6293F787700E6BFE2 /* GET PeopleUITests.xctest */,
			);
			name = Products;
			sourceTree = "<group>";
		};
		3F51B1B8293F787400E6BFE2 /* GET People */ = {
			isa = PBXGroup;
			children = (
				3F51B1B9293F787400E6BFE2 /* AppDelegate.swift */,
				3F51B1BB293F787400E6BFE2 /* SceneDelegate.swift */,
				3F51B1BD293F787400E6BFE2 /* ViewController.swift */,
				3F51B1BF293F787400E6BFE2 /* Main.storyboard */,
				3F99607729406166009DC5D0 /* StarWarsModel.swift */,
				3F51B1C2293F787700E6BFE2 /* Assets.xcassets */,
				3F51B1E9293F79BF00E6BFE2 /* People.swift */,
				3F51B1C4293F787700E6BFE2 /* LaunchScreen.storyboard */,
				3F51B1C7293F787700E6BFE2 /* Info.plist */,
			);
			path = "GET People";
			sourceTree = "<group>";
		};
		3F51B1CF293F787700E6BFE2 /* GET PeopleTests */ = {
			isa = PBXGroup;
			children = (
				3F51B1D0293F787700E6BFE2 /* GET_PeopleTests.swift */,
			);
			path = "GET PeopleTests";
			sourceTree = "<group>";
		};
		3F51B1D9293F787700E6BFE2 /* GET PeopleUITests */ = {
			isa = PBXGroup;
			children = (
				3F51B1DA293F787700E6BFE2 /* GET_PeopleUITests.swift */,
				3F51B1DC293F787700E6BFE2 /* GET_PeopleUITestsLaunchTests.swift */,
			);
			path = "GET PeopleUITests";
			sourceTree = "<group>";
		};
/* End PBXGroup section */

/* Begin PBXNativeTarget section */
		3F51B1B5293F787400E6BFE2 /* GET People */ = {
			isa = PBXNativeTarget;
			buildConfigurationList = 3F51B1E0293F787700E6BFE2 /* Build configuration list for PBXNativeTarget "GET People" */;
			buildPhases = (
				3F51B1B2293F787400E6BFE2 /* Sources */,
				3F51B1B3293F787400E6BFE2 /* Frameworks */,
				3F51B1B4293F787400E6BFE2 /* Resources */,
			);
			buildRules = (
			);
			dependencies = (
			);
			name = "GET People";
			productName = "GET People";
			productReference = 3F51B1B6293F787400E6BFE2 /* GET People.app */;
			productType = "com.apple.product-type.application";
		};
		3F51B1CB293F787700E6BFE2 /* GET PeopleTests */ = {
			isa = PBXNativeTarget;
			buildConfigurationList = 3F51B1E3293F787700E6BFE2 /* Build configuration list for PBXNativeTarget "GET PeopleTests" */;
			buildPhases = (
				3F51B1C8293F787700E6BFE2 /* Sources */,
				3F51B1C9293F787700E6BFE2 /* Frameworks */,
				3F51B1CA293F787700E6BFE2 /* Resources */,
			);
			buildRules = (
			);
			dependencies = (
				3F51B1CE293F787700E6BFE2 /* PBXTargetDependency */,
			);
			name = "GET PeopleTests";
			productName = "GET PeopleTests";
			productReference = 3F51B1CC293F787700E6BFE2 /* GET PeopleTests.xctest */;
			productType = "com.apple.product-type.bundle.unit-test";
		};
		3F51B1D5293F787700E6BFE2 /* GET PeopleUITests */ = {
			isa = PBXNativeTarget;
			buildConfigurationList = 3F51B1E6293F787700E6BFE2 /* Build configuration list for PBXNativeTarget "GET PeopleUITests" */;
			buildPhases = (
				3F51B1D2293F787700E6BFE2 /* Sources */,
				3F51B1D3293F787700E6BFE2 /* Frameworks */,
				3F51B1D4293F787700E6BFE2 /* Resources */,
			);
			buildRules = (
			);
			dependencies = (
				3F51B1D8293F787700E6BFE2 /* PBXTargetDependency */,
			);
			name = "GET PeopleUITests";
			productName = "GET PeopleUITests";
			productReference = 3F51B1D6293F787700E6BFE2 /* GET PeopleUITests.xctest */;
			productType = "com.apple.product-type.bundle.ui-testing";
		};
/* End PBXNativeTarget section */

/* Begin PBXProject section */
		3F51B1AE293F787400E6BFE2 /* Project object */ = {
			isa = PBXProject;
			attributes = {
				BuildIndependentTargetsInParallel = 1;
				LastSwiftUpdateCheck = 1410;
				LastUpgradeCheck = 1410;
				TargetAttributes = {
					3F51B1B5293F787400E6BFE2 = {
						CreatedOnToolsVersion = 14.1;
					};
					3F51B1CB293F787700E6BFE2 = {
						CreatedOnToolsVersion = 14.1;
						TestTargetID = 3F51B1B5293F787400E6BFE2;
					};
					3F51B1D5293F787700E6BFE2 = {
						CreatedOnToolsVersion = 14.1;
						TestTargetID = 3F51B1B5293F787400E6BFE2;
					};
				};
			};
			buildConfigurationList = 3F51B1B1293F787400E6BFE2 /* Build configuration list for PBXProject "GET People" */;
			compatibilityVersion = "Xcode 14.0";
			developmentRegion = en;
			hasScannedForEncodings = 0;
			knownRegions = (
				en,
				Base,
			);
			mainGroup = 3F51B1AD293F787400E6BFE2;
			productRefGroup = 3F51B1B7293F787400E6BFE2 /* Products */;
			projectDirPath = "";
			projectRoot = "";
			targets = (
				3F51B1B5293F787400E6BFE2 /* GET People */,
				3F51B1CB293F787700E6BFE2 /* GET PeopleTests */,
				3F51B1D5293F787700E6BFE2 /* GET PeopleUITests */,
			);
		};
/* End PBXProject section */

/* Begin PBXResourcesBuildPhase section */
		3F51B1B4293F787400E6BFE2 /* Resources */ = {
			isa = PBXResourcesBuildPhase;
			buildActionMask = 2147483647;
			files = (
				3F51B1C6293F787700E6BFE2 /* LaunchScreen.storyboard in Resources */,
				3F51B1C3293F787700E6BFE2 /* Assets.xcassets in Resources */,
				3F51B1C1293F787400E6BFE2 /* Main.storyboard in Resources */,
			);
			runOnlyForDeploymentPostprocessing = 0;
		};
		3F51B1CA293F787700E6BFE2 /* Resources */ = {
			isa = PBXResourcesBuildPhase;
			buildActionMask = 2147483647;
			files = (
			);
			runOnlyForDeploymentPostprocessing = 0;
		};
		3F51B1D4293F787700E6BFE2 /* Resources */ = {
			isa = PBXResourcesBuildPhase;
			buildActionMask = 2147483647;
			files = (
			);
			runOnlyForDeploymentPostprocessing = 0;
		};
/* End PBXResourcesBuildPhase section */

/* Begin PBXSourcesBuildPhase section */
		3F51B1B2293F787400E6BFE2 /* Sources */ = {
			isa = PBXSourcesBuildPhase;
			buildActionMask = 2147483647;
			files = (
				3F51B1BE293F787400E6BFE2 /* ViewController.swift in Sources */,
				3F51B1BA293F787400E6BFE2 /* AppDelegate.swift in Sources */,
				3F99607829406166009DC5D0 /* StarWarsModel.swift in Sources */,
				3F51B1EA293F79BF00E6BFE2 /* People.swift in Sources */,
				3F51B1BC293F787400E6BFE2 /* SceneDelegate.swift in Sources */,
			);
			runOnlyForDeploymentPostprocessing = 0;
		};
		3F51B1C8293F787700E6BFE2 /* Sources */ = {
			isa = PBXSourcesBuildPhase;
			buildActionMask = 2147483647;
			files = (
				3F51B1D1293F787700E6BFE2 /* GET_PeopleTests.swift in Sources */,
			);
			runOnlyForDeploymentPostprocessing = 0;
		};
		3F51B1D2293F787700E6BFE2 /* Sources */ = {
			isa = PBXSourcesBuildPhase;
			buildActionMask = 2147483647;
			files = (
				3F51B1DD293F787700E6BFE2 /* GET_PeopleUITestsLaunchTests.swift in Sources */,
				3F51B1DB293F787700E6BFE2 /* GET_PeopleUITests.swift in Sources */,
			);
			runOnlyForDeploymentPostprocessing = 0;
		};
/* End PBXSourcesBuildPhase section */

/* Begin PBXTargetDependency section */
		3F51B1CE293F787700E6BFE2 /* PBXTargetDependency */ = {
			isa = PBXTargetDependency;
			target = 3F51B1B5293F787400E6BFE2 /* GET People */;
			targetProxy = 3F51B1CD293F787700E6BFE2 /* PBXContainerItemProxy */;
		};
		3F51B1D8293F787700E6BFE2 /* PBXTargetDependency */ = {
			isa = PBXTargetDependency;
			target = 3F51B1B5293F787400E6BFE2 /* GET People */;
			targetProxy = 3F51B1D7293F787700E6BFE2 /* PBXContainerItemProxy */;
		};
/* End PBXTargetDependency section */

/* Begin PBXVariantGroup section */
		3F51B1BF293F787400E6BFE2 /* Main.storyboard */ = {
			isa = PBXVariantGroup;
			children = (
				3F51B1C0293F787400E6BFE2 /* Base */,
			);
			name = Main.storyboard;
			sourceTree = "<group>";
		};
		3F51B1C4293F787700E6BFE2 /* LaunchScreen.storyboard */ = {
			isa = PBXVariantGroup;
			children = (
				3F51B1C5293F787700E6BFE2 /* Base */,
			);
			name = LaunchScreen.storyboard;
			sourceTree = "<group>";
		};
/* End PBXVariantGroup section */

/* Begin XCBuildConfiguration section */
		3F51B1DE293F787700E6BFE2 /* Debug */ = {
			isa = XCBuildConfiguration;
			buildSettings = {
				ALWAYS_SEARCH_USER_PATHS = NO;
				CLANG_ANALYZER_NONNULL = YES;
				CLANG_ANALYZER_NUMBER_OBJECT_CONVERSION = YES_AGGRESSIVE;
				CLANG_CXX_LANGUAGE_STANDARD = "gnu++20";
				CLANG_ENABLE_MODULES = YES;
				CLANG_ENABLE_OBJC_ARC = YES;
				CLANG_ENABLE_OBJC_WEAK = YES;
				CLANG_WARN_BLOCK_CAPTURE_AUTORELEASING = YES;
				CLANG_WARN_BOOL_CONVERSION = YES;
				CLANG_WARN_COMMA = YES;
				CLANG_WARN_CONSTANT_CONVERSION = YES;
				CLANG_WARN_DEPRECATED_OBJC_IMPLEMENTATIONS = YES;
				CLANG_WARN_DIRECT_OBJC_ISA_USAGE = YES_ERROR;
				CLANG_WARN_DOCUMENTATION_COMMENTS = YES;
				CLANG_WARN_EMPTY_BODY = YES;
				CLANG_WARN_ENUM_CONVERSION = YES;
				CLANG_WARN_INFINITE_RECURSION = YES;
				CLANG_WARN_INT_CONVERSION = YES;
				CLANG_WARN_NON_LITERAL_NULL_CONVERSION = YES;
				CLANG_WARN_OBJC_IMPLICIT_RETAIN_SELF = YES;
				CLANG_WARN_OBJC_LITERAL_CONVERSION = YES;
				CLANG_WARN_OBJC_ROOT_CLASS = YES_ERROR;
				CLANG_WARN_QUOTED_INCLUDE_IN_FRAMEWORK_HEADER = YES;
				CLANG_WARN_RANGE_LOOP_ANALYSIS = YES;
				CLANG_WARN_STRICT_PROTOTYPES = YES;
				CLANG_WARN_SUSPICIOUS_MOVE = YES;
				CLANG_WARN_UNGUARDED_AVAILABILITY = YES_AGGRESSIVE;
				CLANG_WARN_UNREACHABLE_CODE = YES;
				CLANG_WARN__DUPLICATE_METHOD_MATCH = YES;
				COPY_PHASE_STRIP = NO;
				DEBUG_INFORMATION_FORMAT = dwarf;
				ENABLE_STRICT_OBJC_MSGSEND = YES;
				ENABLE_TESTABILITY = YES;
				GCC_C_LANGUAGE_STANDARD = gnu11;
				GCC_DYNAMIC_NO_PIC = NO;
				GCC_NO_COMMON_BLOCKS = YES;
				GCC_OPTIMIZATION_LEVEL = 0;
				GCC_PREPROCESSOR_DEFINITIONS = (
					"DEBUG=1",
					"$(inherited)",
				);
				GCC_WARN_64_TO_32_BIT_CONVERSION = YES;
				GCC_WARN_ABOUT_RETURN_TYPE = YES_ERROR;
				GCC_WARN_UNDECLARED_SELECTOR = YES;
				GCC_WARN_UNINITIALIZED_AUTOS = YES_AGGRESSIVE;
				GCC_WARN_UNUSED_FUNCTION = YES;
				GCC_WARN_UNUSED_VARIABLE = YES;
				IPHONEOS_DEPLOYMENT_TARGET = 16.1;
				MTL_ENABLE_DEBUG_INFO = INCLUDE_SOURCE;
				MTL_FAST_MATH = YES;
				ONLY_ACTIVE_ARCH = YES;
				SDKROOT = iphoneos;
				SWIFT_ACTIVE_COMPILATION_CONDITIONS = DEBUG;
				SWIFT_OPTIMIZATION_LEVEL = "-Onone";
			};
			name = Debug;
		};
		3F51B1DF293F787700E6BFE2 /* Release */ = {
			isa = XCBuildConfiguration;
			buildSettings = {
				ALWAYS_SEARCH_USER_PATHS = NO;
				CLANG_ANALYZER_NONNULL = YES;
				CLANG_ANALYZER_NUMBER_OBJECT_CONVERSION = YES_AGGRESSIVE;
				CLANG_CXX_LANGUAGE_STANDARD = "gnu++20";
				CLANG_ENABLE_MODULES = YES;
				CLANG_ENABLE_OBJC_ARC = YES;
				CLANG_ENABLE_OBJC_WEAK = YES;
				CLANG_WARN_BLOCK_CAPTURE_AUTORELEASING = YES;
				CLANG_WARN_BOOL_CONVERSION = YES;
				CLANG_WARN_COMMA = YES;
				CLANG_WARN_CONSTANT_CONVERSION = YES;
				CLANG_WARN_DEPRECATED_OBJC_IMPLEMENTATIONS = YES;
				CLANG_WARN_DIRECT_OBJC_ISA_USAGE = YES_ERROR;
				CLANG_WARN_DOCUMENTATION_COMMENTS = YES;
				CLANG_WARN_EMPTY_BODY = YES;
				CLANG_WARN_ENUM_CONVERSION = YES;
				CLANG_WARN_INFINITE_RECURSION = YES;
				CLANG_WARN_INT_CONVERSION = YES;
				CLANG_WARN_NON_LITERAL_NULL_CONVERSION = YES;
				CLANG_WARN_OBJC_IMPLICIT_RETAIN_SELF = YES;
				CLANG_WARN_OBJC_LITERAL_CONVERSION = YES;
				CLANG_WARN_OBJC_ROOT_CLASS = YES_ERROR;
				CLANG_WARN_QUOTED_INCLUDE_IN_FRAMEWORK_HEADER = YES;
				CLANG_WARN_RANGE_LOOP_ANALYSIS = YES;
				CLANG_WARN_STRICT_PROTOTYPES = YES;
				CLANG_WARN_SUSPICIOUS_MOVE = YES;
				CLANG_WARN_UNGUARDED_AVAILABILITY = YES_AGGRESSIVE;
				CLANG_WARN_UNREACHABLE_CODE = YES;
				CLANG_WARN__DUPLICATE_METHOD_MATCH = YES;
				COPY_PHASE_STRIP = NO;
				DEBUG_INFORMATION_FORMAT = "dwarf-with-dsym";
				ENABLE_NS_ASSERTIONS = NO;
				ENABLE_STRICT_OBJC_MSGSEND = YES;
				GCC_C_LANGUAGE_STANDARD = gnu11;
				GCC_NO_COMMON_BLOCKS = YES;
				GCC_WARN_64_TO_32_BIT_CONVERSION = YES;
				GCC_WARN_ABOUT_RETURN_TYPE = YES_ERROR;
				GCC_WARN_UNDECLARED_SELECTOR = YES;
				GCC_WARN_UNINITIALIZED_AUTOS = YES_AGGRESSIVE;
				GCC_WARN_UNUSED_FUNCTION = YES;
				GCC_WARN_UNUSED_VARIABLE = YES;
				IPHONEOS_DEPLOYMENT_TARGET = 16.1;
				MTL_ENABLE_DEBUG_INFO = NO;
				MTL_FAST_MATH = YES;
				SDKROOT = iphoneos;
				SWIFT_COMPILATION_MODE = wholemodule;
				SWIFT_OPTIMIZATION_LEVEL = "-O";
				VALIDATE_PRODUCT = YES;
			};
			name = Release;
		};
		3F51B1E1293F787700E6BFE2 /* Debug */ = {
			isa = XCBuildConfiguration;
			buildSettings = {
				ASSETCATALOG_COMPILER_APPICON_NAME = AppIcon;
				ASSETCATALOG_COMPILER_GLOBAL_ACCENT_COLOR_NAME = AccentColor;
				CODE_SIGN_STYLE = Automatic;
				CURRENT_PROJECT_VERSION = 1;
				GENERATE_INFOPLIST_FILE = YES;
				INFOPLIST_FILE = "GET People/Info.plist";
				INFOPLIST_KEY_UIApplicationSupportsIndirectInputEvents = YES;
				INFOPLIST_KEY_UILaunchStoryboardName = LaunchScreen;
				INFOPLIST_KEY_UIMainStoryboardFile = Main;
				INFOPLIST_KEY_UISupportedInterfaceOrientations_iPad = "UIInterfaceOrientationPortrait UIInterfaceOrientationPortraitUpsideDown UIInterfaceOrientationLandscapeLeft UIInterfaceOrientationLandscapeRight";
				INFOPLIST_KEY_UISupportedInterfaceOrientations_iPhone = "UIInterfaceOrientationPortrait UIInterfaceOrientationLandscapeLeft UIInterfaceOrientationLandscapeRight";
				LD_RUNPATH_SEARCH_PATHS = (
					"$(inherited)",
					"@executable_path/Frameworks",
				);
				MARKETING_VERSION = 1.0;
				PRODUCT_BUNDLE_IDENTIFIER = "Aamer-Essa.GET-People";
				PRODUCT_NAME = "$(TARGET_NAME)";
				SWIFT_EMIT_LOC_STRINGS = YES;
				SWIFT_VERSION = 5.0;
				TARGETED_DEVICE_FAMILY = "1,2";
			};
			name = Debug;
		};
		3F51B1E2293F787700E6BFE2 /* Release */ = {
			isa = XCBuildConfiguration;
			buildSettings = {
				ASSETCATALOG_COMPILER_APPICON_NAME = AppIcon;
				ASSETCATALOG_COMPILER_GLOBAL_ACCENT_COLOR_NAME = AccentColor;
				CODE_SIGN_STYLE = Automatic;
				CURRENT_PROJECT_VERSION = 1;
				GENERATE_INFOPLIST_FILE = YES;
				INFOPLIST_FILE = "GET People/Info.plist";
				INFOPLIST_KEY_UIApplicationSupportsIndirectInputEvents = YES;
				INFOPLIST_KEY_UILaunchStoryboardName = LaunchScreen;
				INFOPLIST_KEY_UIMainStoryboardFile = Main;
				INFOPLIST_KEY_UISupportedInterfaceOrientations_iPad = "UIInterfaceOrientationPortrait UIInterfaceOrientationPortraitUpsideDown UIInterfaceOrientationLandscapeLeft UIInterfaceOrientationLandscapeRight";
				INFOPLIST_KEY_UISupportedInterfaceOrientations_iPhone = "UIInterfaceOrientationPortrait UIInterfaceOrientationLandscapeLeft UIInterfaceOrientationLandscapeRight";
				LD_RUNPATH_SEARCH_PATHS = (
					"$(inherited)",
					"@executable_path/Frameworks",
				);
				MARKETING_VERSION = 1.0;
				PRODUCT_BUNDLE_IDENTIFIER = "Aamer-Essa.GET-People";
				PRODUCT_NAME = "$(TARGET_NAME)";
				SWIFT_EMIT_LOC_STRINGS = YES;
				SWIFT_VERSION = 5.0;
				TARGETED_DEVICE_FAMILY = "1,2";
			};
			name = Release;
		};
		3F51B1E4293F787700E6BFE2 /* Debug */ = {
			isa = XCBuildConfiguration;
			buildSettings = {
				ALWAYS_EMBED_SWIFT_STANDARD_LIBRARIES = YES;
				BUNDLE_LOADER = "$(TEST_HOST)";
				CODE_SIGN_STYLE = Automatic;
				CURRENT_PROJECT_VERSION = 1;
				GENERATE_INFOPLIST_FILE = YES;
				IPHONEOS_DEPLOYMENT_TARGET = 16.1;
				MARKETING_VERSION = 1.0;
				PRODUCT_BUNDLE_IDENTIFIER = "Aamer-Essa.GET-PeopleTests";
				PRODUCT_NAME = "$(TARGET_NAME)";
				SWIFT_EMIT_LOC_STRINGS = NO;
				SWIFT_VERSION = 5.0;
				TARGETED_DEVICE_FAMILY = "1,2";
				TEST_HOST = "$(BUILT_PRODUCTS_DIR)/GET People.app/$(BUNDLE_EXECUTABLE_FOLDER_PATH)/GET People";
			};
			name = Debug;
		};
		3F51B1E5293F787700E6BFE2 /* Release */ = {
			isa = XCBuildConfiguration;
			buildSettings = {
				ALWAYS_EMBED_SWIFT_STANDARD_LIBRARIES = YES;
				BUNDLE_LOADER = "$(TEST_HOST)";
				CODE_SIGN_STYLE = Automatic;
				CURRENT_PROJECT_VERSION = 1;
				GENERATE_INFOPLIST_FILE = YES;
				IPHONEOS_DEPLOYMENT_TARGET = 16.1;
				MARKETING_VERSION = 1.0;
				PRODUCT_BUNDLE_IDENTIFIER = "Aamer-Essa.GET-PeopleTests";
				PRODUCT_NAME = "$(TARGET_NAME)";
				SWIFT_EMIT_LOC_STRINGS = NO;
				SWIFT_VERSION = 5.0;
				TARGETED_DEVICE_FAMILY = "1,2";
				TEST_HOST = "$(BUILT_PRODUCTS_DIR)/GET People.app/$(BUNDLE_EXECUTABLE_FOLDER_PATH)/GET People";
			};
			name = Release;
		};
		3F51B1E7293F787700E6BFE2 /* Debug */ = {
			isa = XCBuildConfiguration;
			buildSettings = {
				ALWAYS_EMBED_SWIFT_STANDARD_LIBRARIES = YES;
				CODE_SIGN_STYLE = Automatic;
				CURRENT_PROJECT_VERSION = 1;
				GENERATE_INFOPLIST_FILE = YES;
				MARKETING_VERSION = 1.0;
				PRODUCT_BUNDLE_IDENTIFIER = "Aamer-Essa.GET-PeopleUITests";
				PRODUCT_NAME = "$(TARGET_NAME)";
				SWIFT_EMIT_LOC_STRINGS = NO;
				SWIFT_VERSION = 5.0;
				TARGETED_DEVICE_FAMILY = "1,2";
				TEST_TARGET_NAME = "GET People";
			};
			name = Debug;
		};
		3F51B1E8293F787700E6BFE2 /* Release */ = {
			isa = XCBuildConfiguration;
			buildSettings = {
				ALWAYS_EMBED_SWIFT_STANDARD_LIBRARIES = YES;
				CODE_SIGN_STYLE = Automatic;
				CURRENT_PROJECT_VERSION = 1;
				GENERATE_INFOPLIST_FILE = YES;
				MARKETING_VERSION = 1.0;
				PRODUCT_BUNDLE_IDENTIFIER = "Aamer-Essa.GET-PeopleUITests";
				PRODUCT_NAME = "$(TARGET_NAME)";
				SWIFT_EMIT_LOC_STRINGS = NO;
				SWIFT_VERSION = 5.0;
				TARGETED_DEVICE_FAMILY = "1,2";
				TEST_TARGET_NAME = "GET People";
			};
			name = Release;
		};
/* End XCBuildConfiguration section */

/* Begin XCConfigurationList section */
		3F51B1B1293F787400E6BFE2 /* Build configuration list for PBXProject "GET People" */ = {
			isa = XCConfigurationList;
			buildConfigurations = (
				3F51B1DE293F787700E6BFE2 /* Debug */,
				3F51B1DF293F787700E6BFE2 /* Release */,
			);
			defaultConfigurationIsVisible = 0;
			defaultConfigurationName = Release;
		};
		3F51B1E0293F787700E6BFE2 /* Build configuration list for PBXNativeTarget "GET People" */ = {
			isa = XCConfigurationList;
			buildConfigurations = (
				3F51B1E1293F787700E6BFE2 /* Debug */,
				3F51B1E2293F787700E6BFE2 /* Release */,
			);
			defaultConfigurationIsVisible = 0;
			defaultConfigurationName = Release;
		};
		3F51B1E3293F787700E6BFE2 /* Build configuration list for PBXNativeTarget "GET PeopleTests" */ = {
			isa = XCConfigurationList;
			buildConfigurations = (
				3F51B1E4293F787700E6BFE2 /* Debug */,
				3F51B1E5293F787700E6BFE2 /* Release */,
			);
			defaultConfigurationIsVisible = 0;
			defaultConfigurationName = Release;
		};
		3F51B1E6293F787700E6BFE2 /* Build configuration list for PBXNativeTarget "GET PeopleUITests" */ = {
			isa = XCConfigurationList;
			buildConfigurations = (
				3F51B1E7293F787700E6BFE2 /* Debug */,
				3F51B1E8293F787700E6BFE2 /* Release */,
			);
			defaultConfigurationIsVisible = 0;
			defaultConfigurationName = Release;
		};
/* End XCConfigurationList section */
	};
	rootObject = 3F51B1AE293F787400E6BFE2 /* Project object */;
}
